github.com/mdwhatcott/go-collections v0.6.0 h1:hX+UX/D4u81+J7CtQZFRO/Y7b1QuA8fk1UClW/DqS44=
github.com/mdwhatcott/go-collections v0.6.0/go.mod h1:loj5w7NeYII+y0o/lgVIZkGxO6S6//XXMxhCqL8q7Kw=
github.com/mdwhatcott/testing v0.18.0 h1:C+dZaw4L/npp5oCrufZcH4cCbjSEH3+ge+BSgf3rtfE=
github.com/mdwhatcott/testing v0.18.0/go.mod h1:DKbNObO+bditG0r27w3ZZmgcwOZiy6Yh6kFUKwvAGeI=
